
Microsoft Visual Studio Solution File, Format Version 12.00
# Visual Studio Version 17
VisualStudioVersion = 17.2.32516.85
MinimumVisualStudioVersion = 10.0.40219.1
Project("{9A19103F-16F7-4668-BE54-9A1E7A4F7556}") = "StateandCapitalApp", "StateandCapitalApp.csproj", "{28E8C1B4-3365-4164-A07F-CFAF7566CF0B}"
EndProject
Global
	GlobalSection(SolutionConfigurationPlatforms) = preSolution
		Debug|Any CPU = Debug|Any CPU
		Release|Any CPU = Release|Any CPU
	EndGlobalSection
	GlobalSection(ProjectConfigurationPlatforms) = postSolution
		{28E8C1B4-3365-4164-A07F-CFAF7566CF0B}.Debug|Any CPU.ActiveCfg = Debug|Any CPU
		{28E8C1B4-3365-4164-A07F-CFAF7566CF0B}.Debug|Any CPU.Build.0 = Debug|Any CPU
		{28E8C1B4-3365-4164-A07F-CFAF7566CF0B}.Release|Any CPU.ActiveCfg = Release|Any CPU
		{28E8C1B4-3365-4164-A07F-CFAF7566CF0B}.Release|Any CPU.Build.0 = Release|Any CPU
	EndGlobalSection
	GlobalSection(SolutionProperties) = preSolution
		HideSolutionNode = FALSE
	EndGlobalSection
	GlobalSection(ExtensibilityGlobals) = postSolution
		SolutionGuid = {85EB1A35-DA01-49E9-9BB6-B8A924BD1AD6}
	EndGlobalSection
EndGlobal
